
Microsoft Visual Studio Solution File, Format Version 12.00
# Visual Studio 14
VisualStudioVersion = 14.0.25420.1
MinimumVisualStudioVersion = 10.0.40219.1
Project("{FAE04EC0-301F-11D3-BF4B-00C04F79EFBC}") = "Testing", "Testing\Testing.csproj", "{3A365170-EB3C-4E42-A6A1-80C8E92BE88A}"
EndProject
Project("{FAE04EC0-301F-11D3-BF4B-00C04F79EFBC}") = "Gradesbook", "Gradesbook\Gradesbook.csproj", "{E1722208-0255-4F57-ADF2-29B8498ECA25}"
EndProject
Project("{FAE04EC0-301F-11D3-BF4B-00C04F79EFBC}") = "UnitTest", "UnitTest\UnitTest.csproj", "{1D488D71-3B23-48E4-BE90-149025B6DF52}"
EndProject
Global
	GlobalSection(SolutionConfigurationPlatforms) = preSolution
		Debug|Any CPU = Debug|Any CPU
		Release|Any CPU = Release|Any CPU
	EndGlobalSection
	GlobalSection(ProjectConfigurationPlatforms) = postSolution
		{3A365170-EB3C-4E42-A6A1-80C8E92BE88A}.Debug|Any CPU.ActiveCfg = Debug|Any CPU
		{3A365170-EB3C-4E42-A6A1-80C8E92BE88A}.Debug|Any CPU.Build.0 = Debug|Any CPU
		{3A365170-EB3C-4E42-A6A1-80C8E92BE88A}.Release|Any CPU.ActiveCfg = Release|Any CPU
		{3A365170-EB3C-4E42-A6A1-80C8E92BE88A}.Release|Any CPU.Build.0 = Release|Any CPU
		{E1722208-0255-4F57-ADF2-29B8498ECA25}.Debug|Any CPU.ActiveCfg = Debug|Any CPU
		{E1722208-0255-4F57-ADF2-29B8498ECA25}.Debug|Any CPU.Build.0 = Debug|Any CPU
		{E1722208-0255-4F57-ADF2-29B8498ECA25}.Release|Any CPU.ActiveCfg = Release|Any CPU
		{E1722208-0255-4F57-ADF2-29B8498ECA25}.Release|Any CPU.Build.0 = Release|Any CPU
		{1D488D71-3B23-48E4-BE90-149025B6DF52}.Debug|Any CPU.ActiveCfg = Debug|Any CPU
		{1D488D71-3B23-48E4-BE90-149025B6DF52}.Debug|Any CPU.Build.0 = Debug|Any CPU
		{1D488D71-3B23-48E4-BE90-149025B6DF52}.Release|Any CPU.ActiveCfg = Release|Any CPU
		{1D488D71-3B23-48E4-BE90-149025B6DF52}.Release|Any CPU.Build.0 = Release|Any CPU
	EndGlobalSection
	GlobalSection(SolutionProperties) = preSolution
		HideSolutionNode = FALSE
	EndGlobalSection
EndGlobal
